
Microsoft Visual Studio Solution File, Format Version 12.00
# Visual Studio Version 16
VisualStudioVersion = 16.0.30413.136
MinimumVisualStudioVersion = 10.0.40219.1
Project("{FAE04EC0-301F-11D3-BF4B-00C04F79EFBC}") = "WinForms", "WinForms\WinForms.csproj", "{0DC0A3EA-5056-4E94-96B3-B352B07510ED}"
EndProject
Project("{FAE04EC0-301F-11D3-BF4B-00C04F79EFBC}") = "Dominio", "Dominio\Dominio.csproj", "{CB2C9C7A-C253-4032-B83D-8DBC4E083CD2}"
EndProject
Project("{FAE04EC0-301F-11D3-BF4B-00C04F79EFBC}") = "Negocio", "Negocio\Negocio.csproj", "{ABCEBB6A-C60B-47A1-99BD-8CCBE2FABEDC}"
EndProject
Project("{FAE04EC0-301F-11D3-BF4B-00C04F79EFBC}") = "Carrito_Compras", "Carrito_Compras\Carrito_Compras.csproj", "{6E13F605-F992-4AC9-A465-912E4C26BE7F}"
EndProject
Global
	GlobalSection(SolutionConfigurationPlatforms) = preSolution
		Debug|Any CPU = Debug|Any CPU
		Release|Any CPU = Release|Any CPU
	EndGlobalSection
	GlobalSection(ProjectConfigurationPlatforms) = postSolution
		{0DC0A3EA-5056-4E94-96B3-B352B07510ED}.Debug|Any CPU.ActiveCfg = Debug|Any CPU
		{0DC0A3EA-5056-4E94-96B3-B352B07510ED}.Debug|Any CPU.Build.0 = Debug|Any CPU
		{0DC0A3EA-5056-4E94-96B3-B352B07510ED}.Release|Any CPU.ActiveCfg = Release|Any CPU
		{0DC0A3EA-5056-4E94-96B3-B352B07510ED}.Release|Any CPU.Build.0 = Release|Any CPU
		{CB2C9C7A-C253-4032-B83D-8DBC4E083CD2}.Debug|Any CPU.ActiveCfg = Debug|Any CPU
		{CB2C9C7A-C253-4032-B83D-8DBC4E083CD2}.Debug|Any CPU.Build.0 = Debug|Any CPU
		{CB2C9C7A-C253-4032-B83D-8DBC4E083CD2}.Release|Any CPU.ActiveCfg = Release|Any CPU
		{CB2C9C7A-C253-4032-B83D-8DBC4E083CD2}.Release|Any CPU.Build.0 = Release|Any CPU
		{ABCEBB6A-C60B-47A1-99BD-8CCBE2FABEDC}.Debug|Any CPU.ActiveCfg = Debug|Any CPU
		{ABCEBB6A-C60B-47A1-99BD-8CCBE2FABEDC}.Debug|Any CPU.Build.0 = Debug|Any CPU
		{ABCEBB6A-C60B-47A1-99BD-8CCBE2FABEDC}.Release|Any CPU.ActiveCfg = Release|Any CPU
		{ABCEBB6A-C60B-47A1-99BD-8CCBE2FABEDC}.Release|Any CPU.Build.0 = Release|Any CPU
		{6E13F605-F992-4AC9-A465-912E4C26BE7F}.Debug|Any CPU.ActiveCfg = Debug|Any CPU
		{6E13F605-F992-4AC9-A465-912E4C26BE7F}.Debug|Any CPU.Build.0 = Debug|Any CPU
		{6E13F605-F992-4AC9-A465-912E4C26BE7F}.Release|Any CPU.ActiveCfg = Release|Any CPU
		{6E13F605-F992-4AC9-A465-912E4C26BE7F}.Release|Any CPU.Build.0 = Release|Any CPU
	EndGlobalSection
	GlobalSection(SolutionProperties) = preSolution
		HideSolutionNode = FALSE
	EndGlobalSection
	GlobalSection(ExtensibilityGlobals) = postSolution
		SolutionGuid = {55CFCA88-5A10-4C9C-B8E7-122F973B8877}
	EndGlobalSection
EndGlobal
